
Microsoft Visual Studio Solution File, Format Version 12.00
# Visual Studio 2013
VisualStudioVersion = 12.0.31101.0
MinimumVisualStudioVersion = 10.0.40219.1
Project("{FAE04EC0-301F-11D3-BF4B-00C04F79EFBC}") = "Dispatch.Api", "Dispatch.Api\Dispatch.Api.csproj", "{249988F8-AAAD-4BF3-9E8B-F6A445EEC9F5}"
EndProject
Project("{FAE04EC0-301F-11D3-BF4B-00C04F79EFBC}") = "Dispatch.Api.Models", "Dispatch.Api.Models\Dispatch.Api.Models.csproj", "{37814798-14B0-4E08-82A0-66A5B96176C1}"
EndProject
Project("{FAE04EC0-301F-11D3-BF4B-00C04F79EFBC}") = "JobQueue", "JobQueue\JobQueue.csproj", "{AA2614BF-1E96-4419-B25B-B101A31F6F17}"
EndProject
Project("{FAE04EC0-301F-11D3-BF4B-00C04F79EFBC}") = "JobQueue.Configuration", "JobQueue.Configuration\JobQueue.Configuration.csproj", "{58A100CE-CC7E-43BF-A054-D28648F092AC}"
EndProject
Project("{FAE04EC0-301F-11D3-BF4B-00C04F79EFBC}") = "JobQueue.Models", "JobQueue.Models\JobQueue.Models.csproj", "{7719C1A0-5458-4295-A8ED-65E2D08116A6}"
EndProject
Project("{FAE04EC0-301F-11D3-BF4B-00C04F79EFBC}") = "Messaging", "Messaging\Messaging.csproj", "{14F1BDCA-D398-489C-AA01-CBC59736403B}"
EndProject
Project("{FAE04EC0-301F-11D3-BF4B-00C04F79EFBC}") = "Messaging.Models", "Messaging.Models\Messaging.Models.csproj", "{F83DB7A9-DF28-4C13-A437-FDD691AB0DA9}"
EndProject
Project("{FAE04EC0-301F-11D3-BF4B-00C04F79EFBC}") = "Dispatch.Jobs", "Dispatch.Jobs\Dispatch.Jobs.csproj", "{5034EB74-2094-4AE9-8CE6-10AA10BDE37C}"
EndProject
Project("{FAE04EC0-301F-11D3-BF4B-00C04F79EFBC}") = "Messaging.Configuration", "Messaging.Configuration\Messaging.Configuration.csproj", "{9AE784F6-81EE-459B-A761-E68585CE920C}"
EndProject
Project("{FAE04EC0-301F-11D3-BF4B-00C04F79EFBC}") = "Dispatch.Api.Client", "Dispatch.Api.Client\Dispatch.Api.Client.csproj", "{FEA89EB1-32F1-410E-BD4A-C489D557656C}"
EndProject
Project("{FAE04EC0-301F-11D3-BF4B-00C04F79EFBC}") = "Dispatch.Api.Client.Tests", "Dispatch.Api.Client.Tests\Dispatch.Api.Client.Tests.csproj", "{EF43A7AA-7DFB-4C79-B5D4-C520FAB765AE}"
EndProject
Global
	GlobalSection(SolutionConfigurationPlatforms) = preSolution
		Debug|Any CPU = Debug|Any CPU
		Release|Any CPU = Release|Any CPU
	EndGlobalSection
	GlobalSection(ProjectConfigurationPlatforms) = postSolution
		{249988F8-AAAD-4BF3-9E8B-F6A445EEC9F5}.Debug|Any CPU.ActiveCfg = Debug|Any CPU
		{249988F8-AAAD-4BF3-9E8B-F6A445EEC9F5}.Debug|Any CPU.Build.0 = Debug|Any CPU
		{249988F8-AAAD-4BF3-9E8B-F6A445EEC9F5}.Release|Any CPU.ActiveCfg = Release|Any CPU
		{249988F8-AAAD-4BF3-9E8B-F6A445EEC9F5}.Release|Any CPU.Build.0 = Release|Any CPU
		{37814798-14B0-4E08-82A0-66A5B96176C1}.Debug|Any CPU.ActiveCfg = Debug|Any CPU
		{37814798-14B0-4E08-82A0-66A5B96176C1}.Debug|Any CPU.Build.0 = Debug|Any CPU
		{37814798-14B0-4E08-82A0-66A5B96176C1}.Release|Any CPU.ActiveCfg = Release|Any CPU
		{37814798-14B0-4E08-82A0-66A5B96176C1}.Release|Any CPU.Build.0 = Release|Any CPU
		{AA2614BF-1E96-4419-B25B-B101A31F6F17}.Debug|Any CPU.ActiveCfg = Debug|Any CPU
		{AA2614BF-1E96-4419-B25B-B101A31F6F17}.Debug|Any CPU.Build.0 = Debug|Any CPU
		{AA2614BF-1E96-4419-B25B-B101A31F6F17}.Release|Any CPU.ActiveCfg = Release|Any CPU
		{AA2614BF-1E96-4419-B25B-B101A31F6F17}.Release|Any CPU.Build.0 = Release|Any CPU
		{58A100CE-CC7E-43BF-A054-D28648F092AC}.Debug|Any CPU.ActiveCfg = Debug|Any CPU
		{58A100CE-CC7E-43BF-A054-D28648F092AC}.Debug|Any CPU.Build.0 = Debug|Any CPU
		{58A100CE-CC7E-43BF-A054-D28648F092AC}.Release|Any CPU.ActiveCfg = Release|Any CPU
		{58A100CE-CC7E-43BF-A054-D28648F092AC}.Release|Any CPU.Build.0 = Release|Any CPU
		{7719C1A0-5458-4295-A8ED-65E2D08116A6}.Debug|Any CPU.ActiveCfg = Debug|Any CPU
		{7719C1A0-5458-4295-A8ED-65E2D08116A6}.Debug|Any CPU.Build.0 = Debug|Any CPU
		{7719C1A0-5458-4295-A8ED-65E2D08116A6}.Release|Any CPU.ActiveCfg = Release|Any CPU
		{7719C1A0-5458-4295-A8ED-65E2D08116A6}.Release|Any CPU.Build.0 = Release|Any CPU
		{14F1BDCA-D398-489C-AA01-CBC59736403B}.Debug|Any CPU.ActiveCfg = Debug|Any CPU
		{14F1BDCA-D398-489C-AA01-CBC59736403B}.Debug|Any CPU.Build.0 = Debug|Any CPU
		{14F1BDCA-D398-489C-AA01-CBC59736403B}.Release|Any CPU.ActiveCfg = Release|Any CPU
		{14F1BDCA-D398-489C-AA01-CBC59736403B}.Release|Any CPU.Build.0 = Release|Any CPU
		{F83DB7A9-DF28-4C13-A437-FDD691AB0DA9}.Debug|Any CPU.ActiveCfg = Debug|Any CPU
		{F83DB7A9-DF28-4C13-A437-FDD691AB0DA9}.Debug|Any CPU.Build.0 = Debug|Any CPU
		{F83DB7A9-DF28-4C13-A437-FDD691AB0DA9}.Release|Any CPU.ActiveCfg = Release|Any CPU
		{F83DB7A9-DF28-4C13-A437-FDD691AB0DA9}.Release|Any CPU.Build.0 = Release|Any CPU
		{5034EB74-2094-4AE9-8CE6-10AA10BDE37C}.Debug|Any CPU.ActiveCfg = Debug|Any CPU
		{5034EB74-2094-4AE9-8CE6-10AA10BDE37C}.Debug|Any CPU.Build.0 = Debug|Any CPU
		{5034EB74-2094-4AE9-8CE6-10AA10BDE37C}.Release|Any CPU.ActiveCfg = Release|Any CPU
		{5034EB74-2094-4AE9-8CE6-10AA10BDE37C}.Release|Any CPU.Build.0 = Release|Any CPU
		{9AE784F6-81EE-459B-A761-E68585CE920C}.Debug|Any CPU.ActiveCfg = Debug|Any CPU
		{9AE784F6-81EE-459B-A761-E68585CE920C}.Debug|Any CPU.Build.0 = Debug|Any CPU
		{9AE784F6-81EE-459B-A761-E68585CE920C}.Release|Any CPU.ActiveCfg = Release|Any CPU
		{9AE784F6-81EE-459B-A761-E68585CE920C}.Release|Any CPU.Build.0 = Release|Any CPU
		{FEA89EB1-32F1-410E-BD4A-C489D557656C}.Debug|Any CPU.ActiveCfg = Debug|Any CPU
		{FEA89EB1-32F1-410E-BD4A-C489D557656C}.Debug|Any CPU.Build.0 = Debug|Any CPU
		{FEA89EB1-32F1-410E-BD4A-C489D557656C}.Release|Any CPU.ActiveCfg = Release|Any CPU
		{FEA89EB1-32F1-410E-BD4A-C489D557656C}.Release|Any CPU.Build.0 = Release|Any CPU
		{EF43A7AA-7DFB-4C79-B5D4-C520FAB765AE}.Debug|Any CPU.ActiveCfg = Debug|Any CPU
		{EF43A7AA-7DFB-4C79-B5D4-C520FAB765AE}.Debug|Any CPU.Build.0 = Debug|Any CPU
		{EF43A7AA-7DFB-4C79-B5D4-C520FAB765AE}.Release|Any CPU.ActiveCfg = Release|Any CPU
		{EF43A7AA-7DFB-4C79-B5D4-C520FAB765AE}.Release|Any CPU.Build.0 = Release|Any CPU
	EndGlobalSection
	GlobalSection(SolutionProperties) = preSolution
		HideSolutionNode = FALSE
	EndGlobalSection
EndGlobal
