
Microsoft Visual Studio Solution File, Format Version 12.00
# Visual Studio 2013
VisualStudioVersion = 12.0.31101.0
MinimumVisualStudioVersion = 10.0.40219.1
Project("{FAE04EC0-301F-11D3-BF4B-00C04F79EFBC}") = "Dispatch.Api", "Dispatch.Api\Dispatch.Api.csproj", "{249988F8-AAAD-4BF3-9E8B-F6A445EEC9F5}"
EndProject
Project("{FAE04EC0-301F-11D3-BF4B-00C04F79EFBC}") = "Dispatch.Api.Models", "Dispatch.Api.Models\Dispatch.Api.Models.csproj", "{37814798-14B0-4E08-82A0-66A5B96176C1}"
EndProject
Global
	GlobalSection(SolutionConfigurationPlatforms) = preSolution
		Debug|Any CPU = Debug|Any CPU
		Release|Any CPU = Release|Any CPU
	EndGlobalSection
	GlobalSection(ProjectConfigurationPlatforms) = postSolution
		{249988F8-AAAD-4BF3-9E8B-F6A445EEC9F5}.Debug|Any CPU.ActiveCfg = Debug|Any CPU
		{249988F8-AAAD-4BF3-9E8B-F6A445EEC9F5}.Debug|Any CPU.Build.0 = Debug|Any CPU
		{249988F8-AAAD-4BF3-9E8B-F6A445EEC9F5}.Release|Any CPU.ActiveCfg = Release|Any CPU
		{249988F8-AAAD-4BF3-9E8B-F6A445EEC9F5}.Release|Any CPU.Build.0 = Release|Any CPU
		{37814798-14B0-4E08-82A0-66A5B96176C1}.Debug|Any CPU.ActiveCfg = Debug|Any CPU
		{37814798-14B0-4E08-82A0-66A5B96176C1}.Debug|Any CPU.Build.0 = Debug|Any CPU
		{37814798-14B0-4E08-82A0-66A5B96176C1}.Release|Any CPU.ActiveCfg = Release|Any CPU
		{37814798-14B0-4E08-82A0-66A5B96176C1}.Release|Any CPU.Build.0 = Release|Any CPU
	EndGlobalSection
	GlobalSection(SolutionProperties) = preSolution
		HideSolutionNode = FALSE
	EndGlobalSection
EndGlobal
